
Microsoft Visual Studio Solution File, Format Version 12.00
# Visual Studio Version 17
VisualStudioVersion = 17.7.34024.191
MinimumVisualStudioVersion = 10.0.40219.1
Project("{FAE04EC0-301F-11D3-BF4B-00C04F79EFBC}") = "Asp.Net.RestApi.MongoDb", "Asp.Net.RestApi.MongoDb\Asp.Net.RestApi.MongoDb.csproj", "{E730DF03-711A-45C1-A158-47A6E864AAF1}"
EndProject
Project("{FAE04EC0-301F-11D3-BF4B-00C04F79EFBC}") = "Domain", "Domain\Domain.csproj", "{CFE5D5E9-8121-4B6B-BC23-360EE80D77C1}"
EndProject
Project("{FAE04EC0-301F-11D3-BF4B-00C04F79EFBC}") = "Infrastructure", "Infrastructure\Infrastructure.csproj", "{9B3D482A-1BE2-40C2-8D72-9DC55F8C1F64}"
EndProject
Project("{FAE04EC0-301F-11D3-BF4B-00C04F79EFBC}") = "UseCases", "UseCases\UseCases.csproj", "{768EA712-E038-4E9E-A3FB-3C618144BB50}"
EndProject
Global
	GlobalSection(SolutionConfigurationPlatforms) = preSolution
		Debug|Any CPU = Debug|Any CPU
		Release|Any CPU = Release|Any CPU
	EndGlobalSection
	GlobalSection(ProjectConfigurationPlatforms) = postSolution
		{E730DF03-711A-45C1-A158-47A6E864AAF1}.Debug|Any CPU.ActiveCfg = Debug|Any CPU
		{E730DF03-711A-45C1-A158-47A6E864AAF1}.Debug|Any CPU.Build.0 = Debug|Any CPU
		{E730DF03-711A-45C1-A158-47A6E864AAF1}.Release|Any CPU.ActiveCfg = Release|Any CPU
		{E730DF03-711A-45C1-A158-47A6E864AAF1}.Release|Any CPU.Build.0 = Release|Any CPU
		{CFE5D5E9-8121-4B6B-BC23-360EE80D77C1}.Debug|Any CPU.ActiveCfg = Debug|Any CPU
		{CFE5D5E9-8121-4B6B-BC23-360EE80D77C1}.Debug|Any CPU.Build.0 = Debug|Any CPU
		{CFE5D5E9-8121-4B6B-BC23-360EE80D77C1}.Release|Any CPU.ActiveCfg = Release|Any CPU
		{CFE5D5E9-8121-4B6B-BC23-360EE80D77C1}.Release|Any CPU.Build.0 = Release|Any CPU
		{9B3D482A-1BE2-40C2-8D72-9DC55F8C1F64}.Debug|Any CPU.ActiveCfg = Debug|Any CPU
		{9B3D482A-1BE2-40C2-8D72-9DC55F8C1F64}.Debug|Any CPU.Build.0 = Debug|Any CPU
		{9B3D482A-1BE2-40C2-8D72-9DC55F8C1F64}.Release|Any CPU.ActiveCfg = Release|Any CPU
		{9B3D482A-1BE2-40C2-8D72-9DC55F8C1F64}.Release|Any CPU.Build.0 = Release|Any CPU
		{768EA712-E038-4E9E-A3FB-3C618144BB50}.Debug|Any CPU.ActiveCfg = Debug|Any CPU
		{768EA712-E038-4E9E-A3FB-3C618144BB50}.Debug|Any CPU.Build.0 = Debug|Any CPU
		{768EA712-E038-4E9E-A3FB-3C618144BB50}.Release|Any CPU.ActiveCfg = Release|Any CPU
		{768EA712-E038-4E9E-A3FB-3C618144BB50}.Release|Any CPU.Build.0 = Release|Any CPU
	EndGlobalSection
	GlobalSection(SolutionProperties) = preSolution
		HideSolutionNode = FALSE
	EndGlobalSection
	GlobalSection(ExtensibilityGlobals) = postSolution
		SolutionGuid = {CB056B64-9242-4416-A1E7-D0F95E8D45FE}
	EndGlobalSection
EndGlobal
